// !$*UTF8*$!
{
	archiveVersion = 1;
	classes = {
	};
	objectVersion = 50;
	objects = {

/* Begin PBXBuildFile section */
		DD87DE0626A36F57006ADC4A /* GitHubTest003App.swift in Sources */ = {isa = PBXBuildFile; fileRef = DD87DE0526A36F57006ADC4A /* GitHubTest003App.swift */; };
		DD87DE0826A36F57006ADC4A /* ContentView.swift in Sources */ = {isa = PBXBuildFile; fileRef = DD87DE0726A36F57006ADC4A /* ContentView.swift */; };
		DD87DE0A26A36F5B006ADC4A /* Assets.xcassets in Resources */ = {isa = PBXBuildFile; fileRef = DD87DE0926A36F5B006ADC4A /* Assets.xcassets */; };
		DD87DE0D26A36F5B006ADC4A /* Preview Assets.xcassets in Resources */ = {isa = PBXBuildFile; fileRef = DD87DE0C26A36F5B006ADC4A /* Preview Assets.xcassets */; };
		DD87DE1826A36F5B006ADC4A /* GitHubTest003Tests.swift in Sources */ = {isa = PBXBuildFile; fileRef = DD87DE1726A36F5B006ADC4A /* GitHubTest003Tests.swift */; };
		DD87DE2326A36F5B006ADC4A /* GitHubTest003UITests.swift in Sources */ = {isa = PBXBuildFile; fileRef = DD87DE2226A36F5B006ADC4A /* GitHubTest003UITests.swift */; };
/* End PBXBuildFile section */

/* Begin PBXContainerItemProxy section */
		DD87DE1426A36F5B006ADC4A /* PBXContainerItemProxy */ = {
			isa = PBXContainerItemProxy;
			containerPortal = DD87DDFA26A36F57006ADC4A /* Project object */;
			proxyType = 1;
			remoteGlobalIDString = DD87DE0126A36F57006ADC4A;
			remoteInfo = GitHubTest003;
		};
		DD87DE1F26A36F5B006ADC4A /* PBXContainerItemProxy */ = {
			isa = PBXContainerItemProxy;
			containerPortal = DD87DDFA26A36F57006ADC4A /* Project object */;
			proxyType = 1;
			remoteGlobalIDString = DD87DE0126A36F57006ADC4A;
			remoteInfo = GitHubTest003;
		};
/* End PBXContainerItemProxy section */

/* Begin PBXFileReference section */
		DD87DE0226A36F57006ADC4A /* GitHubTest003.app */ = {isa = PBXFileReference; explicitFileType = wrapper.application; includeInIndex = 0; path = GitHubTest003.app; sourceTree = BUILT_PRODUCTS_DIR; };
		DD87DE0526A36F57006ADC4A /* GitHubTest003App.swift */ = {isa = PBXFileReference; lastKnownFileType = sourcecode.swift; path = GitHubTest003App.swift; sourceTree = "<group>"; };
		DD87DE0726A36F57006ADC4A /* ContentView.swift */ = {isa = PBXFileReference; lastKnownFileType = sourcecode.swift; path = ContentView.swift; sourceTree = "<group>"; };
		DD87DE0926A36F5B006ADC4A /* Assets.xcassets */ = {isa = PBXFileReference; lastKnownFileType = folder.assetcatalog; path = Assets.xcassets; sourceTree = "<group>"; };
		DD87DE0C26A36F5B006ADC4A /* Preview Assets.xcassets */ = {isa = PBXFileReference; lastKnownFileType = folder.assetcatalog; path = "Preview Assets.xcassets"; sourceTree = "<group>"; };
		DD87DE0E26A36F5B006ADC4A /* Info.plist */ = {isa = PBXFileReference; lastKnownFileType = text.plist.xml; path = Info.plist; sourceTree = "<group>"; };
		DD87DE1326A36F5B006ADC4A /* GitHubTest003Tests.xctest */ = {isa = PBXFileReference; explicitFileType = wrapper.cfbundle; includeInIndex = 0; path = GitHubTest003Tests.xctest; sourceTree = BUILT_PRODUCTS_DIR; };
		DD87DE1726A36F5B006ADC4A /* GitHubTest003Tests.swift */ = {isa = PBXFileReference; lastKnownFileType = sourcecode.swift; path = GitHubTest003Tests.swift; sourceTree = "<group>"; };
		DD87DE1926A36F5B006ADC4A /* Info.plist */ = {isa = PBXFileReference; lastKnownFileType = text.plist.xml; path = Info.plist; sourceTree = "<group>"; };
		DD87DE1E26A36F5B006ADC4A /* GitHubTest003UITests.xctest */ = {isa = PBXFileReference; explicitFileType = wrapper.cfbundle; includeInIndex = 0; path = GitHubTest003UITests.xctest; sourceTree = BUILT_PRODUCTS_DIR; };
		DD87DE2226A36F5B006ADC4A /* GitHubTest003UITests.swift */ = {isa = PBXFileReference; lastKnownFileType = sourcecode.swift; path = GitHubTest003UITests.swift; sourceTree = "<group>"; };
		DD87DE2426A36F5B006ADC4A /* Info.plist */ = {isa = PBXFileReference; lastKnownFileType = text.plist.xml; path = Info.plist; sourceTree = "<group>"; };
/* End PBXFileReference section */

/* Begin PBXFrameworksBuildPhase section */
		DD87DDFF26A36F57006ADC4A /* Frameworks */ = {
			isa = PBXFrameworksBuildPhase;
			buildActionMask = 2147483647;
			files = (
			);
			runOnlyForDeploymentPostprocessing = 0;
		};
		DD87DE1026A36F5B006ADC4A /* Frameworks */ = {
			isa = PBXFrameworksBuildPhase;
			buildActionMask = 2147483647;
			files = (
			);
			runOnlyForDeploymentPostprocessing = 0;
		};
		DD87DE1B26A36F5B006ADC4A /* Frameworks */ = {
			isa = PBXFrameworksBuildPhase;
			buildActionMask = 2147483647;
			files = (
			);
			runOnlyForDeploymentPostprocessing = 0;
		};
/* End PBXFrameworksBuildPhase section */

/* Begin PBXGroup section */
		DD87DDF926A36F57006ADC4A = {
			isa = PBXGroup;
			children = (
				DD87DE0426A36F57006ADC4A /* GitHubTest003 */,
				DD87DE1626A36F5B006ADC4A /* GitHubTest003Tests */,
				DD87DE2126A36F5B006ADC4A /* GitHubTest003UITests */,
				DD87DE0326A36F57006ADC4A /* Products */,
			);
			sourceTree = "<group>";
		};
		DD87DE0326A36F57006ADC4A /* Products */ = {
			isa = PBXGroup;
			children = (
				DD87DE0226A36F57006ADC4A /* GitHubTest003.app */,
				DD87DE1326A36F5B006ADC4A /* GitHubTest003Tests.xctest */,
				DD87DE1E26A36F5B006ADC4A /* GitHubTest003UITests.xctest */,
			);
			name = Products;
			sourceTree = "<group>";
		};
		DD87DE0426A36F57006ADC4A /* GitHubTest003 */ = {
			isa = PBXGroup;
			children = (
				DD87DE0526A36F57006ADC4A /* GitHubTest003App.swift */,
				DD87DE0726A36F57006ADC4A /* ContentView.swift */,
				DD87DE0926A36F5B006ADC4A /* Assets.xcassets */,
				DD87DE0E26A36F5B006ADC4A /* Info.plist */,
				DD87DE0B26A36F5B006ADC4A /* Preview Content */,
			);
			path = GitHubTest003;
			sourceTree = "<group>";
		};
		DD87DE0B26A36F5B006ADC4A /* Preview Content */ = {
			isa = PBXGroup;
			children = (
				DD87DE0C26A36F5B006ADC4A /* Preview Assets.xcassets */,
			);
			path = "Preview Content";
			sourceTree = "<group>";
		};
		DD87DE1626A36F5B006ADC4A /* GitHubTest003Tests */ = {
			isa = PBXGroup;
			children = (
				DD87DE1726A36F5B006ADC4A /* GitHubTest003Tests.swift */,
				DD87DE1926A36F5B006ADC4A /* Info.plist */,
			);
			path = GitHubTest003Tests;
			sourceTree = "<group>";
		};
		DD87DE2126A36F5B006ADC4A /* GitHubTest003UITests */ = {
			isa = PBXGroup;
			children = (
				DD87DE2226A36F5B006ADC4A /* GitHubTest003UITests.swift */,
				DD87DE2426A36F5B006ADC4A /* Info.plist */,
			);
			path = GitHubTest003UITests;
			sourceTree = "<group>";
		};
/* End PBXGroup section */

/* Begin PBXNativeTarget section */
		DD87DE0126A36F57006ADC4A /* GitHubTest003 */ = {
			isa = PBXNativeTarget;
			buildConfigurationList = DD87DE2726A36F5B006ADC4A /* Build configuration list for PBXNativeTarget "GitHubTest003" */;
			buildPhases = (
				DD87DDFE26A36F57006ADC4A /* Sources */,
				DD87DDFF26A36F57006ADC4A /* Frameworks */,
				DD87DE0026A36F57006ADC4A /* Resources */,
			);
			buildRules = (
			);
			dependencies = (
			);
			name = GitHubTest003;
			productName = GitHubTest003;
			productReference = DD87DE0226A36F57006ADC4A /* GitHubTest003.app */;
			productType = "com.apple.product-type.application";
		};
		DD87DE1226A36F5B006ADC4A /* GitHubTest003Tests */ = {
			isa = PBXNativeTarget;
			buildConfigurationList = DD87DE2A26A36F5B006ADC4A /* Build configuration list for PBXNativeTarget "GitHubTest003Tests" */;
			buildPhases = (
				DD87DE0F26A36F5B006ADC4A /* Sources */,
				DD87DE1026A36F5B006ADC4A /* Frameworks */,
				DD87DE1126A36F5B006ADC4A /* Resources */,
			);
			buildRules = (
			);
			dependencies = (
				DD87DE1526A36F5B006ADC4A /* PBXTargetDependency */,
			);
			name = GitHubTest003Tests;
			productName = GitHubTest003Tests;
			productReference = DD87DE1326A36F5B006ADC4A /* GitHubTest003Tests.xctest */;
			productType = "com.apple.product-type.bundle.unit-test";
		};
		DD87DE1D26A36F5B006ADC4A /* GitHubTest003UITests */ = {
			isa = PBXNativeTarget;
			buildConfigurationList = DD87DE2D26A36F5B006ADC4A /* Build configuration list for PBXNativeTarget "GitHubTest003UITests" */;
			buildPhases = (
				DD87DE1A26A36F5B006ADC4A /* Sources */,
				DD87DE1B26A36F5B006ADC4A /* Frameworks */,
				DD87DE1C26A36F5B006ADC4A /* Resources */,
			);
			buildRules = (
			);
			dependencies = (
				DD87DE2026A36F5B006ADC4A /* PBXTargetDependency */,
			);
			name = GitHubTest003UITests;
			productName = GitHubTest003UITests;
			productReference = DD87DE1E26A36F5B006ADC4A /* GitHubTest003UITests.xctest */;
			productType = "com.apple.product-type.bundle.ui-testing";
		};
/* End PBXNativeTarget section */

/* Begin PBXProject section */
		DD87DDFA26A36F57006ADC4A /* Project object */ = {
			isa = PBXProject;
			attributes = {
				LastSwiftUpdateCheck = 1250;
				LastUpgradeCheck = 1250;
				TargetAttributes = {
					DD87DE0126A36F57006ADC4A = {
						CreatedOnToolsVersion = 12.5.1;
					};
					DD87DE1226A36F5B006ADC4A = {
						CreatedOnToolsVersion = 12.5.1;
						TestTargetID = DD87DE0126A36F57006ADC4A;
					};
					DD87DE1D26A36F5B006ADC4A = {
						CreatedOnToolsVersion = 12.5.1;
						TestTargetID = DD87DE0126A36F57006ADC4A;
					};
				};
			};
			buildConfigurationList = DD87DDFD26A36F57006ADC4A /* Build configuration list for PBXProject "GitHubTest003" */;
			compatibilityVersion = "Xcode 9.3";
			developmentRegion = en;
			hasScannedForEncodings = 0;
			knownRegions = (
				en,
				Base,
			);
			mainGroup = DD87DDF926A36F57006ADC4A;
			productRefGroup = DD87DE0326A36F57006ADC4A /* Products */;
			projectDirPath = "";
			projectRoot = "";
			targets = (
				DD87DE0126A36F57006ADC4A /* GitHubTest003 */,
				DD87DE1226A36F5B006ADC4A /* GitHubTest003Tests */,
				DD87DE1D26A36F5B006ADC4A /* GitHubTest003UITests */,
			);
		};
/* End PBXProject section */

/* Begin PBXResourcesBuildPhase section */
		DD87DE0026A36F57006ADC4A /* Resources */ = {
			isa = PBXResourcesBuildPhase;
			buildActionMask = 2147483647;
			files = (
				DD87DE0D26A36F5B006ADC4A /* Preview Assets.xcassets in Resources */,
				DD87DE0A26A36F5B006ADC4A /* Assets.xcassets in Resources */,
			);
			runOnlyForDeploymentPostprocessing = 0;
		};
		DD87DE1126A36F5B006ADC4A /* Resources */ = {
			isa = PBXResourcesBuildPhase;
			buildActionMask = 2147483647;
			files = (
			);
			runOnlyForDeploymentPostprocessing = 0;
		};
		DD87DE1C26A36F5B006ADC4A /* Resources */ = {
			isa = PBXResourcesBuildPhase;
			buildActionMask = 2147483647;
			files = (
			);
			runOnlyForDeploymentPostprocessing = 0;
		};
/* End PBXResourcesBuildPhase section */

/* Begin PBXSourcesBuildPhase section */
		DD87DDFE26A36F57006ADC4A /* Sources */ = {
			isa = PBXSourcesBuildPhase;
			buildActionMask = 2147483647;
			files = (
				DD87DE0826A36F57006ADC4A /* ContentView.swift in Sources */,
				DD87DE0626A36F57006ADC4A /* GitHubTest003App.swift in Sources */,
			);
			runOnlyForDeploymentPostprocessing = 0;
		};
		DD87DE0F26A36F5B006ADC4A /* Sources */ = {
			isa = PBXSourcesBuildPhase;
			buildActionMask = 2147483647;
			files = (
				DD87DE1826A36F5B006ADC4A /* GitHubTest003Tests.swift in Sources */,
			);
			runOnlyForDeploymentPostprocessing = 0;
		};
		DD87DE1A26A36F5B006ADC4A /* Sources */ = {
			isa = PBXSourcesBuildPhase;
			buildActionMask = 2147483647;
			files = (
				DD87DE2326A36F5B006ADC4A /* GitHubTest003UITests.swift in Sources */,
			);
			runOnlyForDeploymentPostprocessing = 0;
		};
/* End PBXSourcesBuildPhase section */

/* Begin PBXTargetDependency section */
		DD87DE1526A36F5B006ADC4A /* PBXTargetDependency */ = {
			isa = PBXTargetDependency;
			target = DD87DE0126A36F57006ADC4A /* GitHubTest003 */;
			targetProxy = DD87DE1426A36F5B006ADC4A /* PBXContainerItemProxy */;
		};
		DD87DE2026A36F5B006ADC4A /* PBXTargetDependency */ = {
			isa = PBXTargetDependency;
			target = DD87DE0126A36F57006ADC4A /* GitHubTest003 */;
			targetProxy = DD87DE1F26A36F5B006ADC4A /* PBXContainerItemProxy */;
		};
/* End PBXTargetDependency section */

/* Begin XCBuildConfiguration section */
		DD87DE2526A36F5B006ADC4A /* Debug */ = {
			isa = XCBuildConfiguration;
			buildSettings = {
				ALWAYS_SEARCH_USER_PATHS = NO;
				CLANG_ANALYZER_NONNULL = YES;
				CLANG_ANALYZER_NUMBER_OBJECT_CONVERSION = YES_AGGRESSIVE;
				CLANG_CXX_LANGUAGE_STANDARD = "gnu++14";
				CLANG_CXX_LIBRARY = "libc++";
				CLANG_ENABLE_MODULES = YES;
				CLANG_ENABLE_OBJC_ARC = YES;
				CLANG_ENABLE_OBJC_WEAK = YES;
				CLANG_WARN_BLOCK_CAPTURE_AUTORELEASING = YES;
				CLANG_WARN_BOOL_CONVERSION = YES;
				CLANG_WARN_COMMA = YES;
				CLANG_WARN_CONSTANT_CONVERSION = YES;
				CLANG_WARN_DEPRECATED_OBJC_IMPLEMENTATIONS = YES;
				CLANG_WARN_DIRECT_OBJC_ISA_USAGE = YES_ERROR;
				CLANG_WARN_DOCUMENTATION_COMMENTS = YES;
				CLANG_WARN_EMPTY_BODY = YES;
				CLANG_WARN_ENUM_CONVERSION = YES;
				CLANG_WARN_INFINITE_RECURSION = YES;
				CLANG_WARN_INT_CONVERSION = YES;
				CLANG_WARN_NON_LITERAL_NULL_CONVERSION = YES;
				CLANG_WARN_OBJC_IMPLICIT_RETAIN_SELF = YES;
				CLANG_WARN_OBJC_LITERAL_CONVERSION = YES;
				CLANG_WARN_OBJC_ROOT_CLASS = YES_ERROR;
				CLANG_WARN_QUOTED_INCLUDE_IN_FRAMEWORK_HEADER = YES;
				CLANG_WARN_RANGE_LOOP_ANALYSIS = YES;
				CLANG_WARN_STRICT_PROTOTYPES = YES;
				CLANG_WARN_SUSPICIOUS_MOVE = YES;
				CLANG_WARN_UNGUARDED_AVAILABILITY = YES_AGGRESSIVE;
				CLANG_WARN_UNREACHABLE_CODE = YES;
				CLANG_WARN__DUPLICATE_METHOD_MATCH = YES;
				COPY_PHASE_STRIP = NO;
				DEBUG_INFORMATION_FORMAT = dwarf;
				ENABLE_STRICT_OBJC_MSGSEND = YES;
				ENABLE_TESTABILITY = YES;
				GCC_C_LANGUAGE_STANDARD = gnu11;
				GCC_DYNAMIC_NO_PIC = NO;
				GCC_NO_COMMON_BLOCKS = YES;
				GCC_OPTIMIZATION_LEVEL = 0;
				GCC_PREPROCESSOR_DEFINITIONS = (
					"DEBUG=1",
					"$(inherited)",
				);
				GCC_WARN_64_TO_32_BIT_CONVERSION = YES;
				GCC_WARN_ABOUT_RETURN_TYPE = YES_ERROR;
				GCC_WARN_UNDECLARED_SELECTOR = YES;
				GCC_WARN_UNINITIALIZED_AUTOS = YES_AGGRESSIVE;
				GCC_WARN_UNUSED_FUNCTION = YES;
				GCC_WARN_UNUSED_VARIABLE = YES;
				IPHONEOS_DEPLOYMENT_TARGET = 14.5;
				MTL_ENABLE_DEBUG_INFO = INCLUDE_SOURCE;
				MTL_FAST_MATH = YES;
				ONLY_ACTIVE_ARCH = YES;
				SDKROOT = iphoneos;
				SWIFT_ACTIVE_COMPILATION_CONDITIONS = DEBUG;
				SWIFT_OPTIMIZATION_LEVEL = "-Onone";
			};
			name = Debug;
		};
		DD87DE2626A36F5B006ADC4A /* Release */ = {
			isa = XCBuildConfiguration;
			buildSettings = {
				ALWAYS_SEARCH_USER_PATHS = NO;
				CLANG_ANALYZER_NONNULL = YES;
				CLANG_ANALYZER_NUMBER_OBJECT_CONVERSION = YES_AGGRESSIVE;
				CLANG_CXX_LANGUAGE_STANDARD = "gnu++14";
				CLANG_CXX_LIBRARY = "libc++";
				CLANG_ENABLE_MODULES = YES;
				CLANG_ENABLE_OBJC_ARC = YES;
				CLANG_ENABLE_OBJC_WEAK = YES;
				CLANG_WARN_BLOCK_CAPTURE_AUTORELEASING = YES;
				CLANG_WARN_BOOL_CONVERSION = YES;
				CLANG_WARN_COMMA = YES;
				CLANG_WARN_CONSTANT_CONVERSION = YES;
				CLANG_WARN_DEPRECATED_OBJC_IMPLEMENTATIONS = YES;
				CLANG_WARN_DIRECT_OBJC_ISA_USAGE = YES_ERROR;
				CLANG_WARN_DOCUMENTATION_COMMENTS = YES;
				CLANG_WARN_EMPTY_BODY = YES;
				CLANG_WARN_ENUM_CONVERSION = YES;
				CLANG_WARN_INFINITE_RECURSION = YES;
				CLANG_WARN_INT_CONVERSION = YES;
				CLANG_WARN_NON_LITERAL_NULL_CONVERSION = YES;
				CLANG_WARN_OBJC_IMPLICIT_RETAIN_SELF = YES;
				CLANG_WARN_OBJC_LITERAL_CONVERSION = YES;
				CLANG_WARN_OBJC_ROOT_CLASS = YES_ERROR;
				CLANG_WARN_QUOTED_INCLUDE_IN_FRAMEWORK_HEADER = YES;
				CLANG_WARN_RANGE_LOOP_ANALYSIS = YES;
				CLANG_WARN_STRICT_PROTOTYPES = YES;
				CLANG_WARN_SUSPICIOUS_MOVE = YES;
				CLANG_WARN_UNGUARDED_AVAILABILITY = YES_AGGRESSIVE;
				CLANG_WARN_UNREACHABLE_CODE = YES;
				CLANG_WARN__DUPLICATE_METHOD_MATCH = YES;
				COPY_PHASE_STRIP = NO;
				DEBUG_INFORMATION_FORMAT = "dwarf-with-dsym";
				ENABLE_NS_ASSERTIONS = NO;
				ENABLE_STRICT_OBJC_MSGSEND = YES;
				GCC_C_LANGUAGE_STANDARD = gnu11;
				GCC_NO_COMMON_BLOCKS = YES;
				GCC_WARN_64_TO_32_BIT_CONVERSION = YES;
				GCC_WARN_ABOUT_RETURN_TYPE = YES_ERROR;
				GCC_WARN_UNDECLARED_SELECTOR = YES;
				GCC_WARN_UNINITIALIZED_AUTOS = YES_AGGRESSIVE;
				GCC_WARN_UNUSED_FUNCTION = YES;
				GCC_WARN_UNUSED_VARIABLE = YES;
				IPHONEOS_DEPLOYMENT_TARGET = 14.5;
				MTL_ENABLE_DEBUG_INFO = NO;
				MTL_FAST_MATH = YES;
				SDKROOT = iphoneos;
				SWIFT_COMPILATION_MODE = wholemodule;
				SWIFT_OPTIMIZATION_LEVEL = "-O";
				VALIDATE_PRODUCT = YES;
			};
			name = Release;
		};
		DD87DE2826A36F5B006ADC4A /* Debug */ = {
			isa = XCBuildConfiguration;
			buildSettings = {
				ASSETCATALOG_COMPILER_APPICON_NAME = AppIcon;
				ASSETCATALOG_COMPILER_GLOBAL_ACCENT_COLOR_NAME = AccentColor;
				CODE_SIGN_STYLE = Automatic;
				DEVELOPMENT_ASSET_PATHS = "\"GitHubTest003/Preview Content\"";
				DEVELOPMENT_TEAM = ZSD84W826L;
				ENABLE_PREVIEWS = YES;
				INFOPLIST_FILE = GitHubTest003/Info.plist;
				IPHONEOS_DEPLOYMENT_TARGET = 14.0;
				LD_RUNPATH_SEARCH_PATHS = (
					"$(inherited)",
					"@executable_path/Frameworks",
				);
				PRODUCT_BUNDLE_IDENTIFIER = GitHubTest003.GitHubTest003;
				PRODUCT_NAME = "$(TARGET_NAME)";
				SWIFT_VERSION = 5.0;
				TARGETED_DEVICE_FAMILY = "1,2";
			};
			name = Debug;
		};
		DD87DE2926A36F5B006ADC4A /* Release */ = {
			isa = XCBuildConfiguration;
			buildSettings = {
				ASSETCATALOG_COMPILER_APPICON_NAME = AppIcon;
				ASSETCATALOG_COMPILER_GLOBAL_ACCENT_COLOR_NAME = AccentColor;
				CODE_SIGN_STYLE = Automatic;
				DEVELOPMENT_ASSET_PATHS = "\"GitHubTest003/Preview Content\"";
				DEVELOPMENT_TEAM = ZSD84W826L;
				ENABLE_PREVIEWS = YES;
				INFOPLIST_FILE = GitHubTest003/Info.plist;
				IPHONEOS_DEPLOYMENT_TARGET = 14.0;
				LD_RUNPATH_SEARCH_PATHS = (
					"$(inherited)",
					"@executable_path/Frameworks",
				);
				PRODUCT_BUNDLE_IDENTIFIER = GitHubTest003.GitHubTest003;
				PRODUCT_NAME = "$(TARGET_NAME)";
				SWIFT_VERSION = 5.0;
				TARGETED_DEVICE_FAMILY = "1,2";
			};
			name = Release;
		};
		DD87DE2B26A36F5B006ADC4A /* Debug */ = {
			isa = XCBuildConfiguration;
			buildSettings = {
				ALWAYS_EMBED_SWIFT_STANDARD_LIBRARIES = YES;
				BUNDLE_LOADER = "$(TEST_HOST)";
				CODE_SIGN_STYLE = Automatic;
				DEVELOPMENT_TEAM = ZSD84W826L;
				INFOPLIST_FILE = GitHubTest003Tests/Info.plist;
				IPHONEOS_DEPLOYMENT_TARGET = 14.0;
				LD_RUNPATH_SEARCH_PATHS = (
					"$(inherited)",
					"@executable_path/Frameworks",
					"@loader_path/Frameworks",
				);
				PRODUCT_BUNDLE_IDENTIFIER = GitHubTest003.GitHubTest003Tests;
				PRODUCT_NAME = "$(TARGET_NAME)";
				SWIFT_VERSION = 5.0;
				TARGETED_DEVICE_FAMILY = "1,2";
				TEST_HOST = "$(BUILT_PRODUCTS_DIR)/GitHubTest003.app/GitHubTest003";
			};
			name = Debug;
		};
		DD87DE2C26A36F5B006ADC4A /* Release */ = {
			isa = XCBuildConfiguration;
			buildSettings = {
				ALWAYS_EMBED_SWIFT_STANDARD_LIBRARIES = YES;
				BUNDLE_LOADER = "$(TEST_HOST)";
				CODE_SIGN_STYLE = Automatic;
				DEVELOPMENT_TEAM = ZSD84W826L;
				INFOPLIST_FILE = GitHubTest003Tests/Info.plist;
				IPHONEOS_DEPLOYMENT_TARGET = 14.0;
				LD_RUNPATH_SEARCH_PATHS = (
					"$(inherited)",
					"@executable_path/Frameworks",
					"@loader_path/Frameworks",
				);
				PRODUCT_BUNDLE_IDENTIFIER = GitHubTest003.GitHubTest003Tests;
				PRODUCT_NAME = "$(TARGET_NAME)";
				SWIFT_VERSION = 5.0;
				TARGETED_DEVICE_FAMILY = "1,2";
				TEST_HOST = "$(BUILT_PRODUCTS_DIR)/GitHubTest003.app/GitHubTest003";
			};
			name = Release;
		};
		DD87DE2E26A36F5B006ADC4A /* Debug */ = {
			isa = XCBuildConfiguration;
			buildSettings = {
				ALWAYS_EMBED_SWIFT_STANDARD_LIBRARIES = YES;
				CODE_SIGN_STYLE = Automatic;
				DEVELOPMENT_TEAM = ZSD84W826L;
				INFOPLIST_FILE = GitHubTest003UITests/Info.plist;
				LD_RUNPATH_SEARCH_PATHS = (
					"$(inherited)",
					"@executable_path/Frameworks",
					"@loader_path/Frameworks",
				);
				PRODUCT_BUNDLE_IDENTIFIER = GitHubTest003.GitHubTest003UITests;
				PRODUCT_NAME = "$(TARGET_NAME)";
				SWIFT_VERSION = 5.0;
				TARGETED_DEVICE_FAMILY = "1,2";
				TEST_TARGET_NAME = GitHubTest003;
			};
			name = Debug;
		};
		DD87DE2F26A36F5B006ADC4A /* Release */ = {
			isa = XCBuildConfiguration;
			buildSettings = {
				ALWAYS_EMBED_SWIFT_STANDARD_LIBRARIES = YES;
				CODE_SIGN_STYLE = Automatic;
				DEVELOPMENT_TEAM = ZSD84W826L;
				INFOPLIST_FILE = GitHubTest003UITests/Info.plist;
				LD_RUNPATH_SEARCH_PATHS = (
					"$(inherited)",
					"@executable_path/Frameworks",
					"@loader_path/Frameworks",
				);
				PRODUCT_BUNDLE_IDENTIFIER = GitHubTest003.GitHubTest003UITests;
				PRODUCT_NAME = "$(TARGET_NAME)";
				SWIFT_VERSION = 5.0;
				TARGETED_DEVICE_FAMILY = "1,2";
				TEST_TARGET_NAME = GitHubTest003;
			};
			name = Release;
		};
/* End XCBuildConfiguration section */

/* Begin XCConfigurationList section */
		DD87DDFD26A36F57006ADC4A /* Build configuration list for PBXProject "GitHubTest003" */ = {
			isa = XCConfigurationList;
			buildConfigurations = (
				DD87DE2526A36F5B006ADC4A /* Debug */,
				DD87DE2626A36F5B006ADC4A /* Release */,
			);
			defaultConfigurationIsVisible = 0;
			defaultConfigurationName = Release;
		};
		DD87DE2726A36F5B006ADC4A /* Build configuration list for PBXNativeTarget "GitHubTest003" */ = {
			isa = XCConfigurationList;
			buildConfigurations = (
				DD87DE2826A36F5B006ADC4A /* Debug */,
				DD87DE2926A36F5B006ADC4A /* Release */,
			);
			defaultConfigurationIsVisible = 0;
			defaultConfigurationName = Release;
		};
		DD87DE2A26A36F5B006ADC4A /* Build configuration list for PBXNativeTarget "GitHubTest003Tests" */ = {
			isa = XCConfigurationList;
			buildConfigurations = (
				DD87DE2B26A36F5B006ADC4A /* Debug */,
				DD87DE2C26A36F5B006ADC4A /* Release */,
			);
			defaultConfigurationIsVisible = 0;
			defaultConfigurationName = Release;
		};
		DD87DE2D26A36F5B006ADC4A /* Build configuration list for PBXNativeTarget "GitHubTest003UITests" */ = {
			isa = XCConfigurationList;
			buildConfigurations = (
				DD87DE2E26A36F5B006ADC4A /* Debug */,
				DD87DE2F26A36F5B006ADC4A /* Release */,
			);
			defaultConfigurationIsVisible = 0;
			defaultConfigurationName = Release;
		};
/* End XCConfigurationList section */
	};
	rootObject = DD87DDFA26A36F57006ADC4A /* Project object */;
}
